<?xml version="1.0" encoding="utf-8"?>
<Project ToolsVersion="4.0" xmlns="http://schemas.microsoft.com/developer/msbuild/2003">
  <ItemGroup>
    <Filter Include="Source Files">
      <UniqueIdentifier>{4FC737F1-C7A5-4376-A066-2A32D752A2FF}</UniqueIdentifier>
      <Extensions>cpp;c;cc;cxx;c++;cppm;ixx;def;odl;idl;hpj;bat;asm;asmx</Extensions>
    </Filter>
    <Filter Include="Header Files">
      <UniqueIdentifier>{93995380-89BD-4b04-88EB-625FBE52EBFB}</UniqueIdentifier>
      <Extensions>h;hh;hpp;hxx;h++;hm;inl;inc;ipp;xsd</Extensions>
    </Filter>
    <Filter Include="Resource Files">
      <UniqueIdentifier>{67DA6AB6-F800-4c08-8B7A-83BB121AAD01}</UniqueIdentifier>
      <Extensions>rc;ico;cur;bmp;dlg;rc2;rct;bin;rgs;gif;jpg;jpeg;jpe;resx;tiff;tif;png;wav;mfcribbon-ms</Extensions>
    </Filter>
    <Filter Include="Source Files\cg">
      <UniqueIdentifier>{f1039859-adac-48b5-98e0-9570be4f16ed}</UniqueIdentifier>
    </Filter>
    <Filter Include="Header Files\entry">
      <UniqueIdentifier>{aec0fb4f-d51a-4a75-ac1f-bad6e3c537ac}</UniqueIdentifier>
    </Filter>
    <Filter Include="Header Files\_lib">
      <UniqueIdentifier>{77745c4b-b79d-4636-832f-48ef336d8533}</UniqueIdentifier>
    </Filter>
    <Filter Include="Source Files\com">
      <UniqueIdentifier>{a175ab26-c187-49a8-b224-830043bff0e8}</UniqueIdentifier>
    </Filter>
    <Filter Include="Header Files\_lib\detours">
      <UniqueIdentifier>{3b921b1e-bab2-4538-9152-ebc03d857f2b}</UniqueIdentifier>
    </Filter>
    <Filter Include="Source Files\r">
      <UniqueIdentifier>{68444c01-6540-4fb2-a66e-cd44fa1aeff9}</UniqueIdentifier>
    </Filter>
    <Filter Include="Header Files\_lib\ImGui">
      <UniqueIdentifier>{40163b35-9417-4aa6-b897-ba4e38ed4db4}</UniqueIdentifier>
    </Filter>
    <Filter Include="Source Files\in">
      <UniqueIdentifier>{2a04290b-6be8-41d3-a274-deadd7266985}</UniqueIdentifier>
    </Filter>
    <Filter Include="Header Files\cg">
      <UniqueIdentifier>{a98502a9-5c04-4963-99bf-77222ad05ad8}</UniqueIdentifier>
    </Filter>
    <Filter Include="Source Files\game">
      <UniqueIdentifier>{410043c2-d423-4b94-a5f3-609c4a2282a2}</UniqueIdentifier>
    </Filter>
    <Filter Include="Source Files\z_misc">
      <UniqueIdentifier>{104fe990-5b19-4b64-b5f7-105246779e5e}</UniqueIdentifier>
    </Filter>
    <Filter Include="Source Files\cl">
      <UniqueIdentifier>{10652fd9-f680-4508-9054-30dee665fa60}</UniqueIdentifier>
    </Filter>
    <Filter Include="Source Files\recorder">
      <UniqueIdentifier>{feb1c0e5-bdc8-4dce-b4dd-b87073fa908b}</UniqueIdentifier>
    </Filter>
    <Filter Include="Source Files\bg">
      <UniqueIdentifier>{5cf70a8c-a754-4884-99d5-2f2d7783c969}</UniqueIdentifier>
    </Filter>
    <Filter Include="Source Files\r\userinterface">
      <UniqueIdentifier>{2bb940fb-3b5a-4f59-9b66-a127cedfa332}</UniqueIdentifier>
    </Filter>
    <Filter Include="Source Files\TAS">
      <UniqueIdentifier>{d9a1e093-d522-4401-8a7a-cf1e2bbcf6de}</UniqueIdentifier>
    </Filter>
  </ItemGroup>
  <ItemGroup>
    <ClInclude Include="pch.h">
      <Filter>Header Files</Filter>
    </ClInclude>
    <ClInclude Include="cg_init.hpp">
      <Filter>Source Files\cg</Filter>
    </ClInclude>
    <ClInclude Include="entry.hpp">
      <Filter>Header Files\entry</Filter>
    </ClInclude>
    <ClInclude Include="koukku.hpp">
      <Filter>Header Files\_lib</Filter>
    </ClInclude>
    <ClInclude Include="framework.h">
      <Filter>Header Files\_lib</Filter>
    </ClInclude>
    <ClInclude Include="com_channel.h">
      <Filter>Source Files\com</Filter>
    </ClInclude>
    <ClInclude Include="detours\detver.h">
      <Filter>Header Files\_lib\detours</Filter>
    </ClInclude>
    <ClInclude Include="detours\syelog.h">
      <Filter>Header Files\_lib\detours</Filter>
    </ClInclude>
    <ClInclude Include="detours\detours.h">
      <Filter>Header Files\_lib\detours</Filter>
    </ClInclude>
    <ClInclude Include="ImGui\imgui_impl_win32.h">
      <Filter>Header Files\_lib\ImGui</Filter>
    </ClInclude>
    <ClInclude Include="ImGui\imgui_internal.h">
      <Filter>Header Files\_lib\ImGui</Filter>
    </ClInclude>
    <ClInclude Include="ImGui\imstb_rectpack.h">
      <Filter>Header Files\_lib\ImGui</Filter>
    </ClInclude>
    <ClInclude Include="ImGui\imstb_textedit.h">
      <Filter>Header Files\_lib\ImGui</Filter>
    </ClInclude>
    <ClInclude Include="ImGui\imstb_truetype.h">
      <Filter>Header Files\_lib\ImGui</Filter>
    </ClInclude>
    <ClInclude Include="ImGui\imconfig.h">
      <Filter>Header Files\_lib\ImGui</Filter>
    </ClInclude>
    <ClInclude Include="ImGui\imgui.h">
      <Filter>Header Files\_lib\ImGui</Filter>
    </ClInclude>
    <ClInclude Include="ImGui\imgui_impl_dx9.h">
      <Filter>Header Files\_lib\ImGui</Filter>
    </ClInclude>
    <ClInclude Include="r_init.hpp">
      <Filter>Source Files\r</Filter>
    </ClInclude>
    <ClInclude Include="r_selectionwheel.hpp">
      <Filter>Source Files\r</Filter>
    </ClInclude>
    <ClInclude Include="r_drawlist.hpp">
      <Filter>Source Files\r</Filter>
    </ClInclude>
    <ClInclude Include="in_main.hpp">
      <Filter>Source Files\in</Filter>
    </ClInclude>
    <ClInclude Include="cg_offsets.h">
      <Filter>Header Files\cg</Filter>
    </ClInclude>
    <ClInclude Include="cg_local.h">
      <Filter>Header Files\cg</Filter>
    </ClInclude>
    <ClInclude Include="game_funcs.hpp">
      <Filter>Source Files\game</Filter>
    </ClInclude>
    <ClInclude Include="cg_dvar.h">
      <Filter>Source Files\game</Filter>
    </ClInclude>
    <ClInclude Include="vectors.hpp">
      <Filter>Source Files\z_misc</Filter>
    </ClInclude>
    <ClInclude Include="typedefs.hpp">
      <Filter>Source Files\z_misc</Filter>
    </ClInclude>
    <ClInclude Include="cl_keymove.hpp">
      <Filter>Source Files\cl</Filter>
    </ClInclude>
    <ClInclude Include="clipping.hpp">
      <Filter>Source Files\recorder</Filter>
    </ClInclude>
    <ClInclude Include="cg_angles.hpp">
      <Filter>Source Files\cg</Filter>
    </ClInclude>
    <ClInclude Include="bg_pmove.hpp">
      <Filter>Source Files\bg</Filter>
    </ClInclude>
    <ClInclude Include="r_userinterface.hpp">
      <Filter>Source Files\r\userinterface</Filter>
    </ClInclude>
    <ClInclude Include="tas_main.hpp">
      <Filter>Source Files\TAS</Filter>
    </ClInclude>
    <ClInclude Include="tas_filesystem.hpp">
      <Filter>Source Files\TAS</Filter>
    </ClInclude>
    <ClInclude Include="filetools.hpp">
      <Filter>Source Files</Filter>
    </ClInclude>
    <ClInclude Include="tas_movement.hpp">
      <Filter>Source Files\TAS</Filter>
    </ClInclude>
    <ClInclude Include="tas_ui.hpp">
      <Filter>Source Files\TAS</Filter>
    </ClInclude>
    <ClInclude Include="ImGui\imgui_stdlib.h">
      <Filter>Header Files\_lib\ImGui</Filter>
    </ClInclude>
    <ClInclude Include="r_world.hpp">
      <Filter>Source Files\r</Filter>
    </ClInclude>
    <ClInclude Include="tas_render.hpp">
      <Filter>Source Files\TAS</Filter>
    </ClInclude>
    <ClInclude Include="q_math.hpp">
      <Filter>Source Files\z_misc</Filter>
    </ClInclude>
    <ClInclude Include="sys_main.hpp">
      <Filter>Source Files\z_misc</Filter>
    </ClInclude>
  </ItemGroup>
  <ItemGroup>
    <ClCompile Include="cg_init.cpp">
      <Filter>Source Files\cg</Filter>
    </ClCompile>
    <ClCompile Include="entry.cpp">
      <Filter>Header Files\entry</Filter>
    </ClCompile>
    <ClCompile Include="koukku.cpp">
      <Filter>Header Files\_lib</Filter>
    </ClCompile>
    <ClCompile Include="com_channel.cpp">
      <Filter>Source Files\com</Filter>
    </ClCompile>
    <ClCompile Include="ImGui\imgui_tables.cpp">
      <Filter>Header Files\_lib\ImGui</Filter>
    </ClCompile>
    <ClCompile Include="ImGui\imgui_widgets.cpp">
      <Filter>Header Files\_lib\ImGui</Filter>
    </ClCompile>
    <ClCompile Include="ImGui\imgui.cpp">
      <Filter>Header Files\_lib\ImGui</Filter>
    </ClCompile>
    <ClCompile Include="ImGui\imgui_demo.cpp">
      <Filter>Header Files\_lib\ImGui</Filter>
    </ClCompile>
    <ClCompile Include="ImGui\imgui_draw.cpp">
      <Filter>Header Files\_lib\ImGui</Filter>
    </ClCompile>
    <ClCompile Include="ImGui\imgui_impl_dx9.cpp">
      <Filter>Header Files\_lib\ImGui</Filter>
    </ClCompile>
    <ClCompile Include="ImGui\imgui_impl_win32.cpp">
      <Filter>Header Files\_lib\ImGui</Filter>
    </ClCompile>
    <ClCompile Include="r_init.cpp">
      <Filter>Source Files\r</Filter>
    </ClCompile>
    <ClCompile Include="r_selectionwheel.cpp">
      <Filter>Source Files\r</Filter>
    </ClCompile>
    <ClCompile Include="r_drawlist.cpp">
      <Filter>Source Files\r</Filter>
    </ClCompile>
    <ClCompile Include="in_main.cpp">
      <Filter>Source Files\in</Filter>
    </ClCompile>
    <ClCompile Include="game_funcs.cpp">
      <Filter>Source Files\game</Filter>
    </ClCompile>
    <ClCompile Include="cg_dvar.cpp">
      <Filter>Source Files\game</Filter>
    </ClCompile>
    <ClCompile Include="vectors.cpp">
      <Filter>Source Files\z_misc</Filter>
    </ClCompile>
    <ClCompile Include="pch.cpp">
      <Filter>Source Files\z_misc</Filter>
    </ClCompile>
    <ClCompile Include="dllmain.cpp">
      <Filter>Source Files\z_misc</Filter>
    </ClCompile>
    <ClCompile Include="cl_keymove.cpp">
      <Filter>Source Files\cl</Filter>
    </ClCompile>
    <ClCompile Include="clipping.cpp">
      <Filter>Source Files\recorder</Filter>
    </ClCompile>
    <ClCompile Include="cg_angles.cpp">
      <Filter>Source Files\cg</Filter>
    </ClCompile>
    <ClCompile Include="bg_pmove.cpp">
      <Filter>Source Files\bg</Filter>
    </ClCompile>
    <ClCompile Include="r_userinterface.cpp">
      <Filter>Source Files\r\userinterface</Filter>
    </ClCompile>
    <ClCompile Include="tas_main.cpp">
      <Filter>Source Files\TAS</Filter>
    </ClCompile>
    <ClCompile Include="tas_filesystem.cpp">
      <Filter>Source Files\TAS</Filter>
    </ClCompile>
    <ClCompile Include="filetools.cpp">
      <Filter>Source Files</Filter>
    </ClCompile>
    <ClCompile Include="tas_movement.cpp">
      <Filter>Source Files\TAS</Filter>
    </ClCompile>
    <ClCompile Include="tas_ui.cpp">
      <Filter>Source Files\TAS</Filter>
    </ClCompile>
    <ClCompile Include="ImGui\imgui_stdlib.cpp">
      <Filter>Header Files\_lib\ImGui</Filter>
    </ClCompile>
    <ClCompile Include="r_world.cpp">
      <Filter>Source Files\r</Filter>
    </ClCompile>
    <ClCompile Include="tas_render.cpp">
      <Filter>Source Files\TAS</Filter>
    </ClCompile>
    <ClCompile Include="q_math.cpp">
      <Filter>Source Files\z_misc</Filter>
    </ClCompile>
    <ClCompile Include="sys_main.cpp">
      <Filter>Source Files\z_misc</Filter>
    </ClCompile>
  </ItemGroup>
  <ItemGroup>
    <Library Include="detours\detours.lib">
      <Filter>Header Files\_lib\detours</Filter>
    </Library>
  </ItemGroup>
</Project>